
Microsoft Visual Studio Solution File, Format Version 12.00
# Visual Studio Version 17
VisualStudioVersion = 17.13.35931.197 d17.13
MinimumVisualStudioVersion = 10.0.40219.1
Project("{FAE04EC0-301F-11D3-BF4B-00C04F79EFBC}") = "Task_C#(1to6)", "Task_C#(1to6)\Task_C#(1to6).csproj", "{308B93B1-4315-48A5-A968-1A245EE86EC8}"
EndProject
Global
	GlobalSection(SolutionConfigurationPlatforms) = preSolution
		Debug|Any CPU = Debug|Any CPU
		Release|Any CPU = Release|Any CPU
	EndGlobalSection
	GlobalSection(ProjectConfigurationPlatforms) = postSolution
		{308B93B1-4315-48A5-A968-1A245EE86EC8}.Debug|Any CPU.ActiveCfg = Debug|Any CPU
		{308B93B1-4315-48A5-A968-1A245EE86EC8}.Debug|Any CPU.Build.0 = Debug|Any CPU
		{308B93B1-4315-48A5-A968-1A245EE86EC8}.Release|Any CPU.ActiveCfg = Release|Any CPU
		{308B93B1-4315-48A5-A968-1A245EE86EC8}.Release|Any CPU.Build.0 = Release|Any CPU
	EndGlobalSection
	GlobalSection(SolutionProperties) = preSolution
		HideSolutionNode = FALSE
	EndGlobalSection
	GlobalSection(ExtensibilityGlobals) = postSolution
		SolutionGuid = {F3E38C06-703C-4C92-B5EC-9237B2BCDA55}
	EndGlobalSection
EndGlobal
